// !$*UTF8*$!
{
	archiveVersion = 1;
	classes = {
	};
	objectVersion = 56;
	objects = {

/* Begin PBXBuildFile section */
		D6CAD1D32AF937DC0056F56A /* AppDelegate.swift in Sources */ = {isa = PBXBuildFile; fileRef = D6CAD1D22AF937DC0056F56A /* AppDelegate.swift */; };
		D6CAD1D52AF937DC0056F56A /* SceneDelegate.swift in Sources */ = {isa = PBXBuildFile; fileRef = D6CAD1D42AF937DC0056F56A /* SceneDelegate.swift */; };
		D6CAD1D72AF937DC0056F56A /* TabbarController.swift in Sources */ = {isa = PBXBuildFile; fileRef = D6CAD1D62AF937DC0056F56A /* TabbarController.swift */; };
		D6CAD1DC2AF937DD0056F56A /* Assets.xcassets in Resources */ = {isa = PBXBuildFile; fileRef = D6CAD1DB2AF937DD0056F56A /* Assets.xcassets */; };
		D6CAD1DF2AF937DD0056F56A /* LaunchScreen.storyboard in Resources */ = {isa = PBXBuildFile; fileRef = D6CAD1DD2AF937DD0056F56A /* LaunchScreen.storyboard */; };
		D6CAD1E82AF93B920056F56A /* RxCocoa in Frameworks */ = {isa = PBXBuildFile; productRef = D6CAD1E72AF93B920056F56A /* RxCocoa */; };
		D6CAD1EA2AF93B920056F56A /* RxRelay in Frameworks */ = {isa = PBXBuildFile; productRef = D6CAD1E92AF93B920056F56A /* RxRelay */; };
		D6CAD1EC2AF93B920056F56A /* RxSwift in Frameworks */ = {isa = PBXBuildFile; productRef = D6CAD1EB2AF93B920056F56A /* RxSwift */; };
		D6CAD1EF2AF93BB60056F56A /* SnapKit in Frameworks */ = {isa = PBXBuildFile; productRef = D6CAD1EE2AF93BB60056F56A /* SnapKit */; };
		D6CAD1F22AF93BD00056F56A /* Toast in Frameworks */ = {isa = PBXBuildFile; productRef = D6CAD1F12AF93BD00056F56A /* Toast */; };
		D6CAD1F62AF93CEF0056F56A /* SearchViewController.swift in Sources */ = {isa = PBXBuildFile; fileRef = D6CAD1F42AF93CEF0056F56A /* SearchViewController.swift */; };
		D6CAD1F72AF93CEF0056F56A /* SearchTableViewCell.swift in Sources */ = {isa = PBXBuildFile; fileRef = D6CAD1F52AF93CEF0056F56A /* SearchTableViewCell.swift */; };
		D6CAD1FE2AF93D250056F56A /* ItunesModel.swift in Sources */ = {isa = PBXBuildFile; fileRef = D6CAD1FA2AF93D250056F56A /* ItunesModel.swift */; };
		D6CAD1FF2AF93D250056F56A /* APIManager.swift in Sources */ = {isa = PBXBuildFile; fileRef = D6CAD1FB2AF93D250056F56A /* APIManager.swift */; };
		D6CAD20A2AFAA3900056F56A /* SearchViewModel.swift in Sources */ = {isa = PBXBuildFile; fileRef = D6CAD2092AFAA3900056F56A /* SearchViewModel.swift */; };
		D6CAD2172AFBDE840056F56A /* ViewModelType.swift in Sources */ = {isa = PBXBuildFile; fileRef = D6CAD2162AFBDE840056F56A /* ViewModelType.swift */; };
		D6CAD21A2AFBE1920056F56A /* RxDataSources in Frameworks */ = {isa = PBXBuildFile; productRef = D6CAD2192AFBE1920056F56A /* RxDataSources */; };
		D6CAD21D2AFBEAD00056F56A /* DetailView.swift in Sources */ = {isa = PBXBuildFile; fileRef = D6CAD21C2AFBEAD00056F56A /* DetailView.swift */; };
		D6CAD21F2AFBEADB0056F56A /* DetailViewController.swift in Sources */ = {isa = PBXBuildFile; fileRef = D6CAD21E2AFBEADB0056F56A /* DetailViewController.swift */; };
/* End PBXBuildFile section */

/* Begin PBXFileReference section */
		D6CAD1CF2AF937DC0056F56A /* iTunesAPIApp.app */ = {isa = PBXFileReference; explicitFileType = wrapper.application; includeInIndex = 0; path = iTunesAPIApp.app; sourceTree = BUILT_PRODUCTS_DIR; };
		D6CAD1D22AF937DC0056F56A /* AppDelegate.swift */ = {isa = PBXFileReference; lastKnownFileType = sourcecode.swift; path = AppDelegate.swift; sourceTree = "<group>"; };
		D6CAD1D42AF937DC0056F56A /* SceneDelegate.swift */ = {isa = PBXFileReference; lastKnownFileType = sourcecode.swift; path = SceneDelegate.swift; sourceTree = "<group>"; };
		D6CAD1D62AF937DC0056F56A /* TabbarController.swift */ = {isa = PBXFileReference; lastKnownFileType = sourcecode.swift; path = TabbarController.swift; sourceTree = "<group>"; };
		D6CAD1DB2AF937DD0056F56A /* Assets.xcassets */ = {isa = PBXFileReference; lastKnownFileType = folder.assetcatalog; path = Assets.xcassets; sourceTree = "<group>"; };
		D6CAD1DE2AF937DD0056F56A /* Base */ = {isa = PBXFileReference; lastKnownFileType = file.storyboard; name = Base; path = Base.lproj/LaunchScreen.storyboard; sourceTree = "<group>"; };
		D6CAD1E02AF937DD0056F56A /* Info.plist */ = {isa = PBXFileReference; lastKnownFileType = text.plist.xml; path = Info.plist; sourceTree = "<group>"; };
		D6CAD1F42AF93CEF0056F56A /* SearchViewController.swift */ = {isa = PBXFileReference; fileEncoding = 4; lastKnownFileType = sourcecode.swift; path = SearchViewController.swift; sourceTree = "<group>"; };
		D6CAD1F52AF93CEF0056F56A /* SearchTableViewCell.swift */ = {isa = PBXFileReference; fileEncoding = 4; lastKnownFileType = sourcecode.swift; path = SearchTableViewCell.swift; sourceTree = "<group>"; };
		D6CAD1FA2AF93D250056F56A /* ItunesModel.swift */ = {isa = PBXFileReference; fileEncoding = 4; lastKnownFileType = sourcecode.swift; path = ItunesModel.swift; sourceTree = "<group>"; };
		D6CAD1FB2AF93D250056F56A /* APIManager.swift */ = {isa = PBXFileReference; fileEncoding = 4; lastKnownFileType = sourcecode.swift; path = APIManager.swift; sourceTree = "<group>"; };
		D6CAD2092AFAA3900056F56A /* SearchViewModel.swift */ = {isa = PBXFileReference; lastKnownFileType = sourcecode.swift; path = SearchViewModel.swift; sourceTree = "<group>"; };
		D6CAD2162AFBDE840056F56A /* ViewModelType.swift */ = {isa = PBXFileReference; lastKnownFileType = sourcecode.swift; path = ViewModelType.swift; sourceTree = "<group>"; };
		D6CAD21C2AFBEAD00056F56A /* DetailView.swift */ = {isa = PBXFileReference; lastKnownFileType = sourcecode.swift; path = DetailView.swift; sourceTree = "<group>"; };
		D6CAD21E2AFBEADB0056F56A /* DetailViewController.swift */ = {isa = PBXFileReference; lastKnownFileType = sourcecode.swift; path = DetailViewController.swift; sourceTree = "<group>"; };
/* End PBXFileReference section */

/* Begin PBXFrameworksBuildPhase section */
		D6CAD1CC2AF937DC0056F56A /* Frameworks */ = {
			isa = PBXFrameworksBuildPhase;
			buildActionMask = 2147483647;
			files = (
				D6CAD1EC2AF93B920056F56A /* RxSwift in Frameworks */,
				D6CAD1EF2AF93BB60056F56A /* SnapKit in Frameworks */,
				D6CAD1EA2AF93B920056F56A /* RxRelay in Frameworks */,
				D6CAD21A2AFBE1920056F56A /* RxDataSources in Frameworks */,
				D6CAD1F22AF93BD00056F56A /* Toast in Frameworks */,
				D6CAD1E82AF93B920056F56A /* RxCocoa in Frameworks */,
			);
			runOnlyForDeploymentPostprocessing = 0;
		};
/* End PBXFrameworksBuildPhase section */

/* Begin PBXGroup section */
		D6CAD1C62AF937DC0056F56A = {
			isa = PBXGroup;
			children = (
				D6CAD1D12AF937DC0056F56A /* iTunesAPIApp */,
				D6CAD1D02AF937DC0056F56A /* Products */,
			);
			sourceTree = "<group>";
		};
		D6CAD1D02AF937DC0056F56A /* Products */ = {
			isa = PBXGroup;
			children = (
				D6CAD1CF2AF937DC0056F56A /* iTunesAPIApp.app */,
			);
			name = Products;
			sourceTree = "<group>";
		};
		D6CAD1D12AF937DC0056F56A /* iTunesAPIApp */ = {
			isa = PBXGroup;
			children = (
				D6CAD2152AFBC8DB0056F56A /* Protocol */,
				D6CAD2012AF944D50056F56A /* Component */,
				D6CAD1F92AF93D250056F56A /* NetWork */,
				D6CAD1F32AF93CDA0056F56A /* Search */,
				D6CAD21B2AFBEAB20056F56A /* Detail */,
				D6CAD1D42AF937DC0056F56A /* SceneDelegate.swift */,
				D6CAD1D22AF937DC0056F56A /* AppDelegate.swift */,
				D6CAD1D62AF937DC0056F56A /* TabbarController.swift */,
				D6CAD1DB2AF937DD0056F56A /* Assets.xcassets */,
				D6CAD1DD2AF937DD0056F56A /* LaunchScreen.storyboard */,
				D6CAD1E02AF937DD0056F56A /* Info.plist */,
			);
			path = iTunesAPIApp;
			sourceTree = "<group>";
		};
		D6CAD1F32AF93CDA0056F56A /* Search */ = {
			isa = PBXGroup;
			children = (
				D6CAD1F52AF93CEF0056F56A /* SearchTableViewCell.swift */,
				D6CAD1F42AF93CEF0056F56A /* SearchViewController.swift */,
				D6CAD2092AFAA3900056F56A /* SearchViewModel.swift */,
			);
			path = Search;
			sourceTree = "<group>";
		};
		D6CAD1F92AF93D250056F56A /* NetWork */ = {
			isa = PBXGroup;
			children = (
				D6CAD1FA2AF93D250056F56A /* ItunesModel.swift */,
				D6CAD1FB2AF93D250056F56A /* APIManager.swift */,
			);
			path = NetWork;
			sourceTree = "<group>";
		};
		D6CAD2012AF944D50056F56A /* Component */ = {
			isa = PBXGroup;
			children = (
			);
			path = Component;
			sourceTree = "<group>";
		};
		D6CAD2152AFBC8DB0056F56A /* Protocol */ = {
			isa = PBXGroup;
			children = (
				D6CAD2162AFBDE840056F56A /* ViewModelType.swift */,
			);
			path = Protocol;
			sourceTree = "<group>";
		};
		D6CAD21B2AFBEAB20056F56A /* Detail */ = {
			isa = PBXGroup;
			children = (
				D6CAD21C2AFBEAD00056F56A /* DetailView.swift */,
				D6CAD21E2AFBEADB0056F56A /* DetailViewController.swift */,
			);
			path = Detail;
			sourceTree = "<group>";
		};
/* End PBXGroup section */

/* Begin PBXNativeTarget section */
		D6CAD1CE2AF937DC0056F56A /* iTunesAPIApp */ = {
			isa = PBXNativeTarget;
			buildConfigurationList = D6CAD1E32AF937DD0056F56A /* Build configuration list for PBXNativeTarget "iTunesAPIApp" */;
			buildPhases = (
				D6CAD1CB2AF937DC0056F56A /* Sources */,
				D6CAD1CC2AF937DC0056F56A /* Frameworks */,
				D6CAD1CD2AF937DC0056F56A /* Resources */,
			);
			buildRules = (
			);
			dependencies = (
			);
			name = iTunesAPIApp;
			packageProductDependencies = (
				D6CAD1E72AF93B920056F56A /* RxCocoa */,
				D6CAD1E92AF93B920056F56A /* RxRelay */,
				D6CAD1EB2AF93B920056F56A /* RxSwift */,
				D6CAD1EE2AF93BB60056F56A /* SnapKit */,
				D6CAD1F12AF93BD00056F56A /* Toast */,
				D6CAD2192AFBE1920056F56A /* RxDataSources */,
			);
			productName = iTunesAPIApp;
			productReference = D6CAD1CF2AF937DC0056F56A /* iTunesAPIApp.app */;
			productType = "com.apple.product-type.application";
		};
/* End PBXNativeTarget section */

/* Begin PBXProject section */
		D6CAD1C72AF937DC0056F56A /* Project object */ = {
			isa = PBXProject;
			attributes = {
				BuildIndependentTargetsInParallel = 1;
				LastSwiftUpdateCheck = 1430;
				LastUpgradeCheck = 1430;
				TargetAttributes = {
					D6CAD1CE2AF937DC0056F56A = {
						CreatedOnToolsVersion = 14.3.1;
					};
				};
			};
			buildConfigurationList = D6CAD1CA2AF937DC0056F56A /* Build configuration list for PBXProject "iTunesAPIApp" */;
			compatibilityVersion = "Xcode 14.0";
			developmentRegion = en;
			hasScannedForEncodings = 0;
			knownRegions = (
				en,
				Base,
			);
			mainGroup = D6CAD1C62AF937DC0056F56A;
			packageReferences = (
				D6CAD1E62AF93B920056F56A /* XCRemoteSwiftPackageReference "RxSwift" */,
				D6CAD1ED2AF93BB60056F56A /* XCRemoteSwiftPackageReference "SnapKit" */,
				D6CAD1F02AF93BD00056F56A /* XCRemoteSwiftPackageReference "Toast-Swift" */,
				D6CAD2182AFBE1920056F56A /* XCRemoteSwiftPackageReference "RxDataSources" */,
			);
			productRefGroup = D6CAD1D02AF937DC0056F56A /* Products */;
			projectDirPath = "";
			projectRoot = "";
			targets = (
				D6CAD1CE2AF937DC0056F56A /* iTunesAPIApp */,
			);
		};
/* End PBXProject section */

/* Begin PBXResourcesBuildPhase section */
		D6CAD1CD2AF937DC0056F56A /* Resources */ = {
			isa = PBXResourcesBuildPhase;
			buildActionMask = 2147483647;
			files = (
				D6CAD1DF2AF937DD0056F56A /* LaunchScreen.storyboard in Resources */,
				D6CAD1DC2AF937DD0056F56A /* Assets.xcassets in Resources */,
			);
			runOnlyForDeploymentPostprocessing = 0;
		};
/* End PBXResourcesBuildPhase section */

/* Begin PBXSourcesBuildPhase section */
		D6CAD1CB2AF937DC0056F56A /* Sources */ = {
			isa = PBXSourcesBuildPhase;
			buildActionMask = 2147483647;
			files = (
				D6CAD21F2AFBEADB0056F56A /* DetailViewController.swift in Sources */,
				D6CAD1FF2AF93D250056F56A /* APIManager.swift in Sources */,
				D6CAD1FE2AF93D250056F56A /* ItunesModel.swift in Sources */,
				D6CAD20A2AFAA3900056F56A /* SearchViewModel.swift in Sources */,
				D6CAD21D2AFBEAD00056F56A /* DetailView.swift in Sources */,
				D6CAD1D72AF937DC0056F56A /* TabbarController.swift in Sources */,
				D6CAD1D32AF937DC0056F56A /* AppDelegate.swift in Sources */,
				D6CAD1F62AF93CEF0056F56A /* SearchViewController.swift in Sources */,
				D6CAD1D52AF937DC0056F56A /* SceneDelegate.swift in Sources */,
				D6CAD1F72AF93CEF0056F56A /* SearchTableViewCell.swift in Sources */,
				D6CAD2172AFBDE840056F56A /* ViewModelType.swift in Sources */,
			);
			runOnlyForDeploymentPostprocessing = 0;
		};
/* End PBXSourcesBuildPhase section */

/* Begin PBXVariantGroup section */
		D6CAD1DD2AF937DD0056F56A /* LaunchScreen.storyboard */ = {
			isa = PBXVariantGroup;
			children = (
				D6CAD1DE2AF937DD0056F56A /* Base */,
			);
			name = LaunchScreen.storyboard;
			sourceTree = "<group>";
		};
/* End PBXVariantGroup section */

/* Begin XCBuildConfiguration section */
		D6CAD1E12AF937DD0056F56A /* Debug */ = {
			isa = XCBuildConfiguration;
			buildSettings = {
				ALWAYS_SEARCH_USER_PATHS = NO;
				CLANG_ANALYZER_NONNULL = YES;
				CLANG_ANALYZER_NUMBER_OBJECT_CONVERSION = YES_AGGRESSIVE;
				CLANG_CXX_LANGUAGE_STANDARD = "gnu++20";
				CLANG_ENABLE_MODULES = YES;
				CLANG_ENABLE_OBJC_ARC = YES;
				CLANG_ENABLE_OBJC_WEAK = YES;
				CLANG_WARN_BLOCK_CAPTURE_AUTORELEASING = YES;
				CLANG_WARN_BOOL_CONVERSION = YES;
				CLANG_WARN_COMMA = YES;
				CLANG_WARN_CONSTANT_CONVERSION = YES;
				CLANG_WARN_DEPRECATED_OBJC_IMPLEMENTATIONS = YES;
				CLANG_WARN_DIRECT_OBJC_ISA_USAGE = YES_ERROR;
				CLANG_WARN_DOCUMENTATION_COMMENTS = YES;
				CLANG_WARN_EMPTY_BODY = YES;
				CLANG_WARN_ENUM_CONVERSION = YES;
				CLANG_WARN_INFINITE_RECURSION = YES;
				CLANG_WARN_INT_CONVERSION = YES;
				CLANG_WARN_NON_LITERAL_NULL_CONVERSION = YES;
				CLANG_WARN_OBJC_IMPLICIT_RETAIN_SELF = YES;
				CLANG_WARN_OBJC_LITERAL_CONVERSION = YES;
				CLANG_WARN_OBJC_ROOT_CLASS = YES_ERROR;
				CLANG_WARN_QUOTED_INCLUDE_IN_FRAMEWORK_HEADER = YES;
				CLANG_WARN_RANGE_LOOP_ANALYSIS = YES;
				CLANG_WARN_STRICT_PROTOTYPES = YES;
				CLANG_WARN_SUSPICIOUS_MOVE = YES;
				CLANG_WARN_UNGUARDED_AVAILABILITY = YES_AGGRESSIVE;
				CLANG_WARN_UNREACHABLE_CODE = YES;
				CLANG_WARN__DUPLICATE_METHOD_MATCH = YES;
				COPY_PHASE_STRIP = NO;
				DEBUG_INFORMATION_FORMAT = dwarf;
				ENABLE_STRICT_OBJC_MSGSEND = YES;
				ENABLE_TESTABILITY = YES;
				GCC_C_LANGUAGE_STANDARD = gnu11;
				GCC_DYNAMIC_NO_PIC = NO;
				GCC_NO_COMMON_BLOCKS = YES;
				GCC_OPTIMIZATION_LEVEL = 0;
				GCC_PREPROCESSOR_DEFINITIONS = (
					"DEBUG=1",
					"$(inherited)",
				);
				GCC_WARN_64_TO_32_BIT_CONVERSION = YES;
				GCC_WARN_ABOUT_RETURN_TYPE = YES_ERROR;
				GCC_WARN_UNDECLARED_SELECTOR = YES;
				GCC_WARN_UNINITIALIZED_AUTOS = YES_AGGRESSIVE;
				GCC_WARN_UNUSED_FUNCTION = YES;
				GCC_WARN_UNUSED_VARIABLE = YES;
				IPHONEOS_DEPLOYMENT_TARGET = 16.4;
				MTL_ENABLE_DEBUG_INFO = INCLUDE_SOURCE;
				MTL_FAST_MATH = YES;
				ONLY_ACTIVE_ARCH = YES;
				SDKROOT = iphoneos;
				SWIFT_ACTIVE_COMPILATION_CONDITIONS = DEBUG;
				SWIFT_OPTIMIZATION_LEVEL = "-Onone";
			};
			name = Debug;
		};
		D6CAD1E22AF937DD0056F56A /* Release */ = {
			isa = XCBuildConfiguration;
			buildSettings = {
				ALWAYS_SEARCH_USER_PATHS = NO;
				CLANG_ANALYZER_NONNULL = YES;
				CLANG_ANALYZER_NUMBER_OBJECT_CONVERSION = YES_AGGRESSIVE;
				CLANG_CXX_LANGUAGE_STANDARD = "gnu++20";
				CLANG_ENABLE_MODULES = YES;
				CLANG_ENABLE_OBJC_ARC = YES;
				CLANG_ENABLE_OBJC_WEAK = YES;
				CLANG_WARN_BLOCK_CAPTURE_AUTORELEASING = YES;
				CLANG_WARN_BOOL_CONVERSION = YES;
				CLANG_WARN_COMMA = YES;
				CLANG_WARN_CONSTANT_CONVERSION = YES;
				CLANG_WARN_DEPRECATED_OBJC_IMPLEMENTATIONS = YES;
				CLANG_WARN_DIRECT_OBJC_ISA_USAGE = YES_ERROR;
				CLANG_WARN_DOCUMENTATION_COMMENTS = YES;
				CLANG_WARN_EMPTY_BODY = YES;
				CLANG_WARN_ENUM_CONVERSION = YES;
				CLANG_WARN_INFINITE_RECURSION = YES;
				CLANG_WARN_INT_CONVERSION = YES;
				CLANG_WARN_NON_LITERAL_NULL_CONVERSION = YES;
				CLANG_WARN_OBJC_IMPLICIT_RETAIN_SELF = YES;
				CLANG_WARN_OBJC_LITERAL_CONVERSION = YES;
				CLANG_WARN_OBJC_ROOT_CLASS = YES_ERROR;
				CLANG_WARN_QUOTED_INCLUDE_IN_FRAMEWORK_HEADER = YES;
				CLANG_WARN_RANGE_LOOP_ANALYSIS = YES;
				CLANG_WARN_STRICT_PROTOTYPES = YES;
				CLANG_WARN_SUSPICIOUS_MOVE = YES;
				CLANG_WARN_UNGUARDED_AVAILABILITY = YES_AGGRESSIVE;
				CLANG_WARN_UNREACHABLE_CODE = YES;
				CLANG_WARN__DUPLICATE_METHOD_MATCH = YES;
				COPY_PHASE_STRIP = NO;
				DEBUG_INFORMATION_FORMAT = "dwarf-with-dsym";
				ENABLE_NS_ASSERTIONS = NO;
				ENABLE_STRICT_OBJC_MSGSEND = YES;
				GCC_C_LANGUAGE_STANDARD = gnu11;
				GCC_NO_COMMON_BLOCKS = YES;
				GCC_WARN_64_TO_32_BIT_CONVERSION = YES;
				GCC_WARN_ABOUT_RETURN_TYPE = YES_ERROR;
				GCC_WARN_UNDECLARED_SELECTOR = YES;
				GCC_WARN_UNINITIALIZED_AUTOS = YES_AGGRESSIVE;
				GCC_WARN_UNUSED_FUNCTION = YES;
				GCC_WARN_UNUSED_VARIABLE = YES;
				IPHONEOS_DEPLOYMENT_TARGET = 16.4;
				MTL_ENABLE_DEBUG_INFO = NO;
				MTL_FAST_MATH = YES;
				SDKROOT = iphoneos;
				SWIFT_COMPILATION_MODE = wholemodule;
				SWIFT_OPTIMIZATION_LEVEL = "-O";
				VALIDATE_PRODUCT = YES;
			};
			name = Release;
		};
		D6CAD1E42AF937DD0056F56A /* Debug */ = {
			isa = XCBuildConfiguration;
			buildSettings = {
				ASSETCATALOG_COMPILER_APPICON_NAME = AppIcon;
				ASSETCATALOG_COMPILER_GLOBAL_ACCENT_COLOR_NAME = AccentColor;
				CODE_SIGN_STYLE = Automatic;
				CURRENT_PROJECT_VERSION = 1;
				DEVELOPMENT_TEAM = Y7C6A3W353;
				GENERATE_INFOPLIST_FILE = YES;
				INFOPLIST_FILE = iTunesAPIApp/Info.plist;
				INFOPLIST_KEY_UIApplicationSupportsIndirectInputEvents = YES;
				INFOPLIST_KEY_UILaunchStoryboardName = LaunchScreen;
				INFOPLIST_KEY_UISupportedInterfaceOrientations_iPad = "UIInterfaceOrientationPortrait UIInterfaceOrientationPortraitUpsideDown UIInterfaceOrientationLandscapeLeft UIInterfaceOrientationLandscapeRight";
				INFOPLIST_KEY_UISupportedInterfaceOrientations_iPhone = "UIInterfaceOrientationPortrait UIInterfaceOrientationLandscapeLeft UIInterfaceOrientationLandscapeRight";
				LD_RUNPATH_SEARCH_PATHS = (
					"$(inherited)",
					"@executable_path/Frameworks",
				);
				MARKETING_VERSION = 1.0;
				PRODUCT_BUNDLE_IDENTIFIER = com.sangnam.iTunesAPIApp;
				PRODUCT_NAME = "$(TARGET_NAME)";
				SWIFT_EMIT_LOC_STRINGS = YES;
				SWIFT_VERSION = 5.0;
				TARGETED_DEVICE_FAMILY = "1,2";
			};
			name = Debug;
		};
		D6CAD1E52AF937DD0056F56A /* Release */ = {
			isa = XCBuildConfiguration;
			buildSettings = {
				ASSETCATALOG_COMPILER_APPICON_NAME = AppIcon;
				ASSETCATALOG_COMPILER_GLOBAL_ACCENT_COLOR_NAME = AccentColor;
				CODE_SIGN_STYLE = Automatic;
				CURRENT_PROJECT_VERSION = 1;
				DEVELOPMENT_TEAM = Y7C6A3W353;
				GENERATE_INFOPLIST_FILE = YES;
				INFOPLIST_FILE = iTunesAPIApp/Info.plist;
				INFOPLIST_KEY_UIApplicationSupportsIndirectInputEvents = YES;
				INFOPLIST_KEY_UILaunchStoryboardName = LaunchScreen;
				INFOPLIST_KEY_UISupportedInterfaceOrientations_iPad = "UIInterfaceOrientationPortrait UIInterfaceOrientationPortraitUpsideDown UIInterfaceOrientationLandscapeLeft UIInterfaceOrientationLandscapeRight";
				INFOPLIST_KEY_UISupportedInterfaceOrientations_iPhone = "UIInterfaceOrientationPortrait UIInterfaceOrientationLandscapeLeft UIInterfaceOrientationLandscapeRight";
				LD_RUNPATH_SEARCH_PATHS = (
					"$(inherited)",
					"@executable_path/Frameworks",
				);
				MARKETING_VERSION = 1.0;
				PRODUCT_BUNDLE_IDENTIFIER = com.sangnam.iTunesAPIApp;
				PRODUCT_NAME = "$(TARGET_NAME)";
				SWIFT_EMIT_LOC_STRINGS = YES;
				SWIFT_VERSION = 5.0;
				TARGETED_DEVICE_FAMILY = "1,2";
			};
			name = Release;
		};
/* End XCBuildConfiguration section */

/* Begin XCConfigurationList section */
		D6CAD1CA2AF937DC0056F56A /* Build configuration list for PBXProject "iTunesAPIApp" */ = {
			isa = XCConfigurationList;
			buildConfigurations = (
				D6CAD1E12AF937DD0056F56A /* Debug */,
				D6CAD1E22AF937DD0056F56A /* Release */,
			);
			defaultConfigurationIsVisible = 0;
			defaultConfigurationName = Release;
		};
		D6CAD1E32AF937DD0056F56A /* Build configuration list for PBXNativeTarget "iTunesAPIApp" */ = {
			isa = XCConfigurationList;
			buildConfigurations = (
				D6CAD1E42AF937DD0056F56A /* Debug */,
				D6CAD1E52AF937DD0056F56A /* Release */,
			);
			defaultConfigurationIsVisible = 0;
			defaultConfigurationName = Release;
		};
/* End XCConfigurationList section */

/* Begin XCRemoteSwiftPackageReference section */
		D6CAD1E62AF93B920056F56A /* XCRemoteSwiftPackageReference "RxSwift" */ = {
			isa = XCRemoteSwiftPackageReference;
			repositoryURL = "https://github.com/ReactiveX/RxSwift.git";
			requirement = {
				kind = upToNextMajorVersion;
				minimumVersion = 6.0.0;
			};
		};
		D6CAD1ED2AF93BB60056F56A /* XCRemoteSwiftPackageReference "SnapKit" */ = {
			isa = XCRemoteSwiftPackageReference;
			repositoryURL = "https://github.com/SnapKit/SnapKit.git";
			requirement = {
				kind = upToNextMajorVersion;
				minimumVersion = 5.0.0;
			};
		};
		D6CAD1F02AF93BD00056F56A /* XCRemoteSwiftPackageReference "Toast-Swift" */ = {
			isa = XCRemoteSwiftPackageReference;
			repositoryURL = "https://github.com/scalessec/Toast-Swift.git";
			requirement = {
				kind = upToNextMajorVersion;
				minimumVersion = 5.0.0;
			};
		};
		D6CAD2182AFBE1920056F56A /* XCRemoteSwiftPackageReference "RxDataSources" */ = {
			isa = XCRemoteSwiftPackageReference;
			repositoryURL = "https://github.com/RxSwiftCommunity/RxDataSources.git";
			requirement = {
				kind = upToNextMajorVersion;
				minimumVersion = 5.0.0;
			};
		};
/* End XCRemoteSwiftPackageReference section */

/* Begin XCSwiftPackageProductDependency section */
		D6CAD1E72AF93B920056F56A /* RxCocoa */ = {
			isa = XCSwiftPackageProductDependency;
			package = D6CAD1E62AF93B920056F56A /* XCRemoteSwiftPackageReference "RxSwift" */;
			productName = RxCocoa;
		};
		D6CAD1E92AF93B920056F56A /* RxRelay */ = {
			isa = XCSwiftPackageProductDependency;
			package = D6CAD1E62AF93B920056F56A /* XCRemoteSwiftPackageReference "RxSwift" */;
			productName = RxRelay;
		};
		D6CAD1EB2AF93B920056F56A /* RxSwift */ = {
			isa = XCSwiftPackageProductDependency;
			package = D6CAD1E62AF93B920056F56A /* XCRemoteSwiftPackageReference "RxSwift" */;
			productName = RxSwift;
		};
		D6CAD1EE2AF93BB60056F56A /* SnapKit */ = {
			isa = XCSwiftPackageProductDependency;
			package = D6CAD1ED2AF93BB60056F56A /* XCRemoteSwiftPackageReference "SnapKit" */;
			productName = SnapKit;
		};
		D6CAD1F12AF93BD00056F56A /* Toast */ = {
			isa = XCSwiftPackageProductDependency;
			package = D6CAD1F02AF93BD00056F56A /* XCRemoteSwiftPackageReference "Toast-Swift" */;
			productName = Toast;
		};
		D6CAD2192AFBE1920056F56A /* RxDataSources */ = {
			isa = XCSwiftPackageProductDependency;
			package = D6CAD2182AFBE1920056F56A /* XCRemoteSwiftPackageReference "RxDataSources" */;
			productName = RxDataSources;
		};
/* End XCSwiftPackageProductDependency section */
	};
	rootObject = D6CAD1C72AF937DC0056F56A /* Project object */;
}
